
Microsoft Visual Studio Solution File, Format Version 12.00
# Visual Studio 15
VisualStudioVersion = 15.0.26730.16
MinimumVisualStudioVersion = 10.0.40219.1
Project("{FAE04EC0-301F-11D3-BF4B-00C04F79EFBC}") = "PFM.Bot", "PFM.Bot\PFM.Bot.csproj", "{7487BC5B-29F3-4441-9EFC-871D8296DBB3}"
EndProject
Project("{9A19103F-16F7-4668-BE54-9A1E7A4F7556}") = "PFM.Core", "PFM.Core\PFM.Core.csproj", "{34C64037-F518-40C4-AC51-7A976E50C972}"
EndProject
Project("{9A19103F-16F7-4668-BE54-9A1E7A4F7556}") = "PFM.Products", "PFM.Products\PFM.Products.csproj", "{A9636360-427F-4C28-BD64-98F4BC12FD65}"
EndProject
Global
	GlobalSection(SolutionConfigurationPlatforms) = preSolution
		Debug|Any CPU = Debug|Any CPU
		Release|Any CPU = Release|Any CPU
	EndGlobalSection
	GlobalSection(ProjectConfigurationPlatforms) = postSolution
		{7487BC5B-29F3-4441-9EFC-871D8296DBB3}.Debug|Any CPU.ActiveCfg = Debug|Any CPU
		{7487BC5B-29F3-4441-9EFC-871D8296DBB3}.Debug|Any CPU.Build.0 = Debug|Any CPU
		{7487BC5B-29F3-4441-9EFC-871D8296DBB3}.Release|Any CPU.ActiveCfg = Release|Any CPU
		{7487BC5B-29F3-4441-9EFC-871D8296DBB3}.Release|Any CPU.Build.0 = Release|Any CPU
		{34C64037-F518-40C4-AC51-7A976E50C972}.Debug|Any CPU.ActiveCfg = Debug|Any CPU
		{34C64037-F518-40C4-AC51-7A976E50C972}.Debug|Any CPU.Build.0 = Debug|Any CPU
		{34C64037-F518-40C4-AC51-7A976E50C972}.Release|Any CPU.ActiveCfg = Release|Any CPU
		{34C64037-F518-40C4-AC51-7A976E50C972}.Release|Any CPU.Build.0 = Release|Any CPU
		{A9636360-427F-4C28-BD64-98F4BC12FD65}.Debug|Any CPU.ActiveCfg = Debug|Any CPU
		{A9636360-427F-4C28-BD64-98F4BC12FD65}.Debug|Any CPU.Build.0 = Debug|Any CPU
		{A9636360-427F-4C28-BD64-98F4BC12FD65}.Release|Any CPU.ActiveCfg = Release|Any CPU
		{A9636360-427F-4C28-BD64-98F4BC12FD65}.Release|Any CPU.Build.0 = Release|Any CPU
	EndGlobalSection
	GlobalSection(SolutionProperties) = preSolution
		HideSolutionNode = FALSE
	EndGlobalSection
	GlobalSection(ExtensibilityGlobals) = postSolution
		SolutionGuid = {0F2E9372-B4C9-4B45-9C8D-DABBFAFDBFDC}
	EndGlobalSection
EndGlobal
